
Microsoft Visual Studio Solution File, Format Version 12.00
# Visual Studio Version 17
VisualStudioVersion = 17.10.35013.160
MinimumVisualStudioVersion = 10.0.40219.1
Project("{FAE04EC0-301F-11D3-BF4B-00C04F79EFBC}") = "ComercialSDK.APIv2", "ComercialSDK.APIv2\ComercialSDK.APIv2.csproj", "{82763B4E-5E19-49C4-802D-0F46A9474A03}"
EndProject
Project("{FAE04EC0-301F-11D3-BF4B-00C04F79EFBC}") = "ComercialSDK.Domain", "ComercialSDK.Domain\ComercialSDK.Domain.csproj", "{8792D5E2-29B8-46ED-908E-A19DF33B8424}"
EndProject
Project("{FAE04EC0-301F-11D3-BF4B-00C04F79EFBC}") = "ComercialSDK.Application", "ComercialSDK.Application\ComercialSDK.Application.csproj", "{34FFFB17-D32A-4713-B66A-66C2BE8397C6}"
EndProject
Project("{FAE04EC0-301F-11D3-BF4B-00C04F79EFBC}") = "ComercialSDK.Infrastructure", "ComercialSDK.Infrastructure\ComercialSDK.Infrastructure.csproj", "{4DC66DCB-EF4F-4AAF-9C81-4CAEB28FFDCF}"
EndProject
Global
	GlobalSection(SolutionConfigurationPlatforms) = preSolution
		Debug|Any CPU = Debug|Any CPU
		Debug|x64 = Debug|x64
		Debug|x86 = Debug|x86
		Release|Any CPU = Release|Any CPU
		Release|x64 = Release|x64
		Release|x86 = Release|x86
	EndGlobalSection
	GlobalSection(ProjectConfigurationPlatforms) = postSolution
		{82763B4E-5E19-49C4-802D-0F46A9474A03}.Debug|Any CPU.ActiveCfg = Debug|Any CPU
		{82763B4E-5E19-49C4-802D-0F46A9474A03}.Debug|Any CPU.Build.0 = Debug|Any CPU
		{82763B4E-5E19-49C4-802D-0F46A9474A03}.Debug|x64.ActiveCfg = Debug|Any CPU
		{82763B4E-5E19-49C4-802D-0F46A9474A03}.Debug|x64.Build.0 = Debug|Any CPU
		{82763B4E-5E19-49C4-802D-0F46A9474A03}.Debug|x86.ActiveCfg = Debug|Any CPU
		{82763B4E-5E19-49C4-802D-0F46A9474A03}.Debug|x86.Build.0 = Debug|Any CPU
		{82763B4E-5E19-49C4-802D-0F46A9474A03}.Release|Any CPU.ActiveCfg = Release|Any CPU
		{82763B4E-5E19-49C4-802D-0F46A9474A03}.Release|Any CPU.Build.0 = Release|Any CPU
		{82763B4E-5E19-49C4-802D-0F46A9474A03}.Release|x64.ActiveCfg = Release|Any CPU
		{82763B4E-5E19-49C4-802D-0F46A9474A03}.Release|x64.Build.0 = Release|Any CPU
		{82763B4E-5E19-49C4-802D-0F46A9474A03}.Release|x86.ActiveCfg = Release|Any CPU
		{82763B4E-5E19-49C4-802D-0F46A9474A03}.Release|x86.Build.0 = Release|Any CPU
		{8792D5E2-29B8-46ED-908E-A19DF33B8424}.Debug|Any CPU.ActiveCfg = Debug|Any CPU
		{8792D5E2-29B8-46ED-908E-A19DF33B8424}.Debug|Any CPU.Build.0 = Debug|Any CPU
		{8792D5E2-29B8-46ED-908E-A19DF33B8424}.Debug|x64.ActiveCfg = Debug|Any CPU
		{8792D5E2-29B8-46ED-908E-A19DF33B8424}.Debug|x64.Build.0 = Debug|Any CPU
		{8792D5E2-29B8-46ED-908E-A19DF33B8424}.Debug|x86.ActiveCfg = Debug|Any CPU
		{8792D5E2-29B8-46ED-908E-A19DF33B8424}.Debug|x86.Build.0 = Debug|Any CPU
		{8792D5E2-29B8-46ED-908E-A19DF33B8424}.Release|Any CPU.ActiveCfg = Release|Any CPU
		{8792D5E2-29B8-46ED-908E-A19DF33B8424}.Release|Any CPU.Build.0 = Release|Any CPU
		{8792D5E2-29B8-46ED-908E-A19DF33B8424}.Release|x64.ActiveCfg = Release|Any CPU
		{8792D5E2-29B8-46ED-908E-A19DF33B8424}.Release|x64.Build.0 = Release|Any CPU
		{8792D5E2-29B8-46ED-908E-A19DF33B8424}.Release|x86.ActiveCfg = Release|Any CPU
		{8792D5E2-29B8-46ED-908E-A19DF33B8424}.Release|x86.Build.0 = Release|Any CPU
		{34FFFB17-D32A-4713-B66A-66C2BE8397C6}.Debug|Any CPU.ActiveCfg = Debug|Any CPU
		{34FFFB17-D32A-4713-B66A-66C2BE8397C6}.Debug|Any CPU.Build.0 = Debug|Any CPU
		{34FFFB17-D32A-4713-B66A-66C2BE8397C6}.Debug|x64.ActiveCfg = Debug|Any CPU
		{34FFFB17-D32A-4713-B66A-66C2BE8397C6}.Debug|x64.Build.0 = Debug|Any CPU
		{34FFFB17-D32A-4713-B66A-66C2BE8397C6}.Debug|x86.ActiveCfg = Debug|Any CPU
		{34FFFB17-D32A-4713-B66A-66C2BE8397C6}.Debug|x86.Build.0 = Debug|Any CPU
		{34FFFB17-D32A-4713-B66A-66C2BE8397C6}.Release|Any CPU.ActiveCfg = Release|Any CPU
		{34FFFB17-D32A-4713-B66A-66C2BE8397C6}.Release|Any CPU.Build.0 = Release|Any CPU
		{34FFFB17-D32A-4713-B66A-66C2BE8397C6}.Release|x64.ActiveCfg = Release|Any CPU
		{34FFFB17-D32A-4713-B66A-66C2BE8397C6}.Release|x64.Build.0 = Release|Any CPU
		{34FFFB17-D32A-4713-B66A-66C2BE8397C6}.Release|x86.ActiveCfg = Release|Any CPU
		{34FFFB17-D32A-4713-B66A-66C2BE8397C6}.Release|x86.Build.0 = Release|Any CPU
		{4DC66DCB-EF4F-4AAF-9C81-4CAEB28FFDCF}.Debug|Any CPU.ActiveCfg = Debug|Any CPU
		{4DC66DCB-EF4F-4AAF-9C81-4CAEB28FFDCF}.Debug|Any CPU.Build.0 = Debug|Any CPU
		{4DC66DCB-EF4F-4AAF-9C81-4CAEB28FFDCF}.Debug|x64.ActiveCfg = Debug|Any CPU
		{4DC66DCB-EF4F-4AAF-9C81-4CAEB28FFDCF}.Debug|x64.Build.0 = Debug|Any CPU
		{4DC66DCB-EF4F-4AAF-9C81-4CAEB28FFDCF}.Debug|x86.ActiveCfg = Debug|Any CPU
		{4DC66DCB-EF4F-4AAF-9C81-4CAEB28FFDCF}.Debug|x86.Build.0 = Debug|Any CPU
		{4DC66DCB-EF4F-4AAF-9C81-4CAEB28FFDCF}.Release|Any CPU.ActiveCfg = Release|Any CPU
		{4DC66DCB-EF4F-4AAF-9C81-4CAEB28FFDCF}.Release|Any CPU.Build.0 = Release|Any CPU
		{4DC66DCB-EF4F-4AAF-9C81-4CAEB28FFDCF}.Release|x64.ActiveCfg = Release|Any CPU
		{4DC66DCB-EF4F-4AAF-9C81-4CAEB28FFDCF}.Release|x64.Build.0 = Release|Any CPU
		{4DC66DCB-EF4F-4AAF-9C81-4CAEB28FFDCF}.Release|x86.ActiveCfg = Release|Any CPU
		{4DC66DCB-EF4F-4AAF-9C81-4CAEB28FFDCF}.Release|x86.Build.0 = Release|Any CPU
	EndGlobalSection
	GlobalSection(SolutionProperties) = preSolution
		HideSolutionNode = FALSE
	EndGlobalSection
	GlobalSection(ExtensibilityGlobals) = postSolution
		SolutionGuid = {3D2E0842-E5AC-487A-BA09-C0F04D3C717F}
	EndGlobalSection
EndGlobal
