
Microsoft Visual Studio Solution File, Format Version 12.00
# Visual Studio Version 17
VisualStudioVersion = 17.10.35013.160
MinimumVisualStudioVersion = 10.0.40219.1
Project("{9A19103F-16F7-4668-BE54-9A1E7A4F7556}") = "Core.Application", "Application\Core.Application.csproj", "{25E1E740-4D06-453F-A652-86EF964DCA68}"
EndProject
Project("{9A19103F-16F7-4668-BE54-9A1E7A4F7556}") = "Core.Domain", "Domain\Core.Domain.csproj", "{2B2F715B-7B64-4682-A849-8FB416973C02}"
EndProject
Project("{9A19103F-16F7-4668-BE54-9A1E7A4F7556}") = "Infrastructure", "Infrastructure\Infrastructure.csproj", "{0D24E065-4FDC-4652-B6A6-76DBA1B3486C}"
EndProject
Project("{9A19103F-16F7-4668-BE54-9A1E7A4F7556}") = "ContpaqiComercial-API", "Pedidos CPE\ContpaqiComercial-API.csproj", "{2E0C33D2-D205-4974-98B8-54954AEF8B58}"
EndProject
Project("{9A19103F-16F7-4668-BE54-9A1E7A4F7556}") = "ContpaqSDK-API", "ContpaqSDK-API\ContpaqSDK-API.csproj", "{2766FDB9-515B-411B-B181-76553C2BB340}"
EndProject
Project("{FAE04EC0-301F-11D3-BF4B-00C04F79EFBC}") = "PedidosCPE", "PedidosCPE\PedidosCPE.csproj", "{931D0CBC-1EE1-4996-AC55-821C54D2E83B}"
EndProject
Global
	GlobalSection(SolutionConfigurationPlatforms) = preSolution
		Debug|Any CPU = Debug|Any CPU
		Debug|x64 = Debug|x64
		Debug|x86 = Debug|x86
		Release|Any CPU = Release|Any CPU
		Release|x64 = Release|x64
		Release|x86 = Release|x86
	EndGlobalSection
	GlobalSection(ProjectConfigurationPlatforms) = postSolution
		{25E1E740-4D06-453F-A652-86EF964DCA68}.Debug|Any CPU.ActiveCfg = Debug|Any CPU
		{25E1E740-4D06-453F-A652-86EF964DCA68}.Debug|Any CPU.Build.0 = Debug|Any CPU
		{25E1E740-4D06-453F-A652-86EF964DCA68}.Debug|x64.ActiveCfg = Debug|x64
		{25E1E740-4D06-453F-A652-86EF964DCA68}.Debug|x64.Build.0 = Debug|x64
		{25E1E740-4D06-453F-A652-86EF964DCA68}.Debug|x86.ActiveCfg = Debug|x86
		{25E1E740-4D06-453F-A652-86EF964DCA68}.Debug|x86.Build.0 = Debug|x86
		{25E1E740-4D06-453F-A652-86EF964DCA68}.Release|Any CPU.ActiveCfg = Release|Any CPU
		{25E1E740-4D06-453F-A652-86EF964DCA68}.Release|Any CPU.Build.0 = Release|Any CPU
		{25E1E740-4D06-453F-A652-86EF964DCA68}.Release|x64.ActiveCfg = Release|x64
		{25E1E740-4D06-453F-A652-86EF964DCA68}.Release|x64.Build.0 = Release|x64
		{25E1E740-4D06-453F-A652-86EF964DCA68}.Release|x86.ActiveCfg = Release|x86
		{25E1E740-4D06-453F-A652-86EF964DCA68}.Release|x86.Build.0 = Release|x86
		{2B2F715B-7B64-4682-A849-8FB416973C02}.Debug|Any CPU.ActiveCfg = Debug|Any CPU
		{2B2F715B-7B64-4682-A849-8FB416973C02}.Debug|Any CPU.Build.0 = Debug|Any CPU
		{2B2F715B-7B64-4682-A849-8FB416973C02}.Debug|x64.ActiveCfg = Debug|x64
		{2B2F715B-7B64-4682-A849-8FB416973C02}.Debug|x64.Build.0 = Debug|x64
		{2B2F715B-7B64-4682-A849-8FB416973C02}.Debug|x86.ActiveCfg = Debug|x86
		{2B2F715B-7B64-4682-A849-8FB416973C02}.Debug|x86.Build.0 = Debug|x86
		{2B2F715B-7B64-4682-A849-8FB416973C02}.Release|Any CPU.ActiveCfg = Release|Any CPU
		{2B2F715B-7B64-4682-A849-8FB416973C02}.Release|Any CPU.Build.0 = Release|Any CPU
		{2B2F715B-7B64-4682-A849-8FB416973C02}.Release|x64.ActiveCfg = Release|x64
		{2B2F715B-7B64-4682-A849-8FB416973C02}.Release|x64.Build.0 = Release|x64
		{2B2F715B-7B64-4682-A849-8FB416973C02}.Release|x86.ActiveCfg = Release|x86
		{2B2F715B-7B64-4682-A849-8FB416973C02}.Release|x86.Build.0 = Release|x86
		{0D24E065-4FDC-4652-B6A6-76DBA1B3486C}.Debug|Any CPU.ActiveCfg = Debug|Any CPU
		{0D24E065-4FDC-4652-B6A6-76DBA1B3486C}.Debug|Any CPU.Build.0 = Debug|Any CPU
		{0D24E065-4FDC-4652-B6A6-76DBA1B3486C}.Debug|x64.ActiveCfg = Debug|x64
		{0D24E065-4FDC-4652-B6A6-76DBA1B3486C}.Debug|x64.Build.0 = Debug|x64
		{0D24E065-4FDC-4652-B6A6-76DBA1B3486C}.Debug|x86.ActiveCfg = Debug|x86
		{0D24E065-4FDC-4652-B6A6-76DBA1B3486C}.Debug|x86.Build.0 = Debug|x86
		{0D24E065-4FDC-4652-B6A6-76DBA1B3486C}.Release|Any CPU.ActiveCfg = Release|Any CPU
		{0D24E065-4FDC-4652-B6A6-76DBA1B3486C}.Release|Any CPU.Build.0 = Release|Any CPU
		{0D24E065-4FDC-4652-B6A6-76DBA1B3486C}.Release|x64.ActiveCfg = Release|x64
		{0D24E065-4FDC-4652-B6A6-76DBA1B3486C}.Release|x64.Build.0 = Release|x64
		{0D24E065-4FDC-4652-B6A6-76DBA1B3486C}.Release|x86.ActiveCfg = Release|x86
		{0D24E065-4FDC-4652-B6A6-76DBA1B3486C}.Release|x86.Build.0 = Release|x86
		{2E0C33D2-D205-4974-98B8-54954AEF8B58}.Debug|Any CPU.ActiveCfg = Debug|Any CPU
		{2E0C33D2-D205-4974-98B8-54954AEF8B58}.Debug|Any CPU.Build.0 = Debug|Any CPU
		{2E0C33D2-D205-4974-98B8-54954AEF8B58}.Debug|x64.ActiveCfg = Debug|Any CPU
		{2E0C33D2-D205-4974-98B8-54954AEF8B58}.Debug|x64.Build.0 = Debug|Any CPU
		{2E0C33D2-D205-4974-98B8-54954AEF8B58}.Debug|x86.ActiveCfg = Debug|Any CPU
		{2E0C33D2-D205-4974-98B8-54954AEF8B58}.Debug|x86.Build.0 = Debug|Any CPU
		{2E0C33D2-D205-4974-98B8-54954AEF8B58}.Release|Any CPU.ActiveCfg = Release|Any CPU
		{2E0C33D2-D205-4974-98B8-54954AEF8B58}.Release|Any CPU.Build.0 = Release|Any CPU
		{2E0C33D2-D205-4974-98B8-54954AEF8B58}.Release|x64.ActiveCfg = Release|Any CPU
		{2E0C33D2-D205-4974-98B8-54954AEF8B58}.Release|x64.Build.0 = Release|Any CPU
		{2E0C33D2-D205-4974-98B8-54954AEF8B58}.Release|x86.ActiveCfg = Release|Any CPU
		{2E0C33D2-D205-4974-98B8-54954AEF8B58}.Release|x86.Build.0 = Release|Any CPU
		{2766FDB9-515B-411B-B181-76553C2BB340}.Debug|Any CPU.ActiveCfg = Debug|Any CPU
		{2766FDB9-515B-411B-B181-76553C2BB340}.Debug|Any CPU.Build.0 = Debug|Any CPU
		{2766FDB9-515B-411B-B181-76553C2BB340}.Debug|x64.ActiveCfg = Debug|Any CPU
		{2766FDB9-515B-411B-B181-76553C2BB340}.Debug|x64.Build.0 = Debug|Any CPU
		{2766FDB9-515B-411B-B181-76553C2BB340}.Debug|x86.ActiveCfg = Debug|x86
		{2766FDB9-515B-411B-B181-76553C2BB340}.Debug|x86.Build.0 = Debug|x86
		{2766FDB9-515B-411B-B181-76553C2BB340}.Release|Any CPU.ActiveCfg = Release|Any CPU
		{2766FDB9-515B-411B-B181-76553C2BB340}.Release|Any CPU.Build.0 = Release|Any CPU
		{2766FDB9-515B-411B-B181-76553C2BB340}.Release|x64.ActiveCfg = Release|Any CPU
		{2766FDB9-515B-411B-B181-76553C2BB340}.Release|x64.Build.0 = Release|Any CPU
		{2766FDB9-515B-411B-B181-76553C2BB340}.Release|x86.ActiveCfg = Release|x86
		{2766FDB9-515B-411B-B181-76553C2BB340}.Release|x86.Build.0 = Release|x86
		{931D0CBC-1EE1-4996-AC55-821C54D2E83B}.Debug|Any CPU.ActiveCfg = Debug|Any CPU
		{931D0CBC-1EE1-4996-AC55-821C54D2E83B}.Debug|Any CPU.Build.0 = Debug|Any CPU
		{931D0CBC-1EE1-4996-AC55-821C54D2E83B}.Debug|Any CPU.Deploy.0 = Debug|Any CPU
		{931D0CBC-1EE1-4996-AC55-821C54D2E83B}.Debug|x64.ActiveCfg = Debug|Any CPU
		{931D0CBC-1EE1-4996-AC55-821C54D2E83B}.Debug|x64.Build.0 = Debug|Any CPU
		{931D0CBC-1EE1-4996-AC55-821C54D2E83B}.Debug|x64.Deploy.0 = Debug|Any CPU
		{931D0CBC-1EE1-4996-AC55-821C54D2E83B}.Debug|x86.ActiveCfg = Debug|Any CPU
		{931D0CBC-1EE1-4996-AC55-821C54D2E83B}.Debug|x86.Build.0 = Debug|Any CPU
		{931D0CBC-1EE1-4996-AC55-821C54D2E83B}.Debug|x86.Deploy.0 = Debug|Any CPU
		{931D0CBC-1EE1-4996-AC55-821C54D2E83B}.Release|Any CPU.ActiveCfg = Release|Any CPU
		{931D0CBC-1EE1-4996-AC55-821C54D2E83B}.Release|Any CPU.Build.0 = Release|Any CPU
		{931D0CBC-1EE1-4996-AC55-821C54D2E83B}.Release|Any CPU.Deploy.0 = Release|Any CPU
		{931D0CBC-1EE1-4996-AC55-821C54D2E83B}.Release|x64.ActiveCfg = Release|Any CPU
		{931D0CBC-1EE1-4996-AC55-821C54D2E83B}.Release|x64.Build.0 = Release|Any CPU
		{931D0CBC-1EE1-4996-AC55-821C54D2E83B}.Release|x64.Deploy.0 = Release|Any CPU
		{931D0CBC-1EE1-4996-AC55-821C54D2E83B}.Release|x86.ActiveCfg = Release|Any CPU
		{931D0CBC-1EE1-4996-AC55-821C54D2E83B}.Release|x86.Build.0 = Release|Any CPU
		{931D0CBC-1EE1-4996-AC55-821C54D2E83B}.Release|x86.Deploy.0 = Release|Any CPU
	EndGlobalSection
	GlobalSection(SolutionProperties) = preSolution
		HideSolutionNode = FALSE
	EndGlobalSection
	GlobalSection(ExtensibilityGlobals) = postSolution
		SolutionGuid = {3D2E0842-E5AC-487A-BA09-C0F04D3C717F}
	EndGlobalSection
EndGlobal
